PODS:
  - AFNetworking (3.1.0):
    - AFNetworking/NSURLSession (= 3.1.0)
    - AFNetworking/Reachability (= 3.1.0)
    - AFNetworking/Security (= 3.1.0)
    - AFNetworking/Serialization (= 3.1.0)
    - AFNetworking/UIKit (= 3.1.0)
  - AFNetworking/NSURLSession (3.1.0):
    - AFNetworking/Reachability
    - AFNetworking/Security
    - AFNetworking/Serialization
  - AFNetworking/Reachability (3.1.0)
  - AFNetworking/Security (3.1.0)
  - AFNetworking/Serialization (3.1.0)
  - AFNetworking/UIKit (3.1.0):
    - AFNetworking/NSURLSession
  - Aspects (1.4.1)
  - CocoaAsyncSocket (7.6.3)
  - DZNEmptyDataSet (1.8.1)
  - FMDB (2.7.5):
    - FMDB/standard (= 2.7.5)
  - FMDB/standard (2.7.5)
  - HappyDNS (0.3.15)
  - JSONModel (1.8.0)
  - KeyboardToolBar (2.0.1)
  - MarqueeLabel (2.2.5)
  - Masonry (1.1.0)
  - MBProgressHUD (1.0.0)
  - MJExtension (3.0.15.1)
  - MJRefresh (3.1.16)
  - Qiniu (7.2.5):
    - HappyDNS (~> 0.3)
  - RKNotificationHub (2.0.5)
  - SAMKeychain (1.5.3)
  - SDCycleScrollView (1.75):
    - SDWebImage (>= 4.0.0)
  - SDWebImage (4.1.2):
    - SDWebImage/Core (= 4.1.2)
  - SDWebImage/Core (4.1.2)
  - SVProgressHUD (2.0.3)
  - TZImagePickerController (3.2.0)
  - UMCAnalytics (6.0.3):
    - UMCCommon
  - UMCCommon (2.0.1)
  - UMCErrorCatch (1.0.0):
    - UMCCommon
  - UMCPush (3.2.4):
    - UMCCommon
  - UMCSecurityPlugins (1.0.6)
  - WYChart (0.3.1)

DEPENDENCIES:
  - AFNetworking (~> 3.1.0)
  - Aspects (~> 1.4.1)
  - CocoaAsyncSocket
  - DZNEmptyDataSet
  - FMDB (~> 2.7.2)
  - JSONModel
  - KeyboardToolBar
  - MarqueeLabel (~> 2.2.0)
  - Masonry
  - MBProgressHUD (~> 1.0.0)
  - MJExtension (~> 3.0.13)
  - MJRefresh (~> 3.1.12)
  - Qiniu (~> 7.1)
  - RKNotificationHub
  - SAMKeychain
  - SDCycleScrollView
  - SDWebImage (~> 4.1.0)
  - SVProgressHUD (= 2.0.3)
  - TZImagePickerController
  - UMCAnalytics
  - UMCCommon
  - UMCErrorCatch
  - UMCPush
  - UMCSecurityPlugins
  - WYChart

SPEC REPOS:
  https://github.com/cocoapods/specs.git:
    - AFNetworking
    - Aspects
    - CocoaAsyncSocket
    - DZNEmptyDataSet
    - FMDB
    - HappyDNS
    - JSONModel
    - KeyboardToolBar
    - MarqueeLabel
    - Masonry
    - MBProgressHUD
    - MJExtension
    - MJRefresh
    - Qiniu
    - RKNotificationHub
    - SAMKeychain
    - SDCycleScrollView
    - SDWebImage
    - SVProgressHUD
    - TZImagePickerController
    - UMCAnalytics
    - UMCCommon
    - UMCErrorCatch
    - UMCPush
    - UMCSecurityPlugins
    - WYChart

SPEC CHECKSUMS:
  AFNetworking: 5e0e199f73d8626b11e79750991f5d173d1f8b67
  Aspects: 7595ba96a6727a58ebcbfc954497fc5d2fdde546
  CocoaAsyncSocket: eafaa68a7e0ec99ead0a7b35015e0bf25d2c8987
  DZNEmptyDataSet: 9525833b9e68ac21c30253e1d3d7076cc828eaa7
  FMDB: 2ce00b547f966261cd18927a3ddb07cb6f3db82a
  HappyDNS: 00c15e651a347206e58a20503a32a5564589b56a
  JSONModel: 02ab723958366a3fd27da57ea2af2113658762e9
  KeyboardToolBar: fdf2a1f2368e4a53965da4c21f9719e77f407b26
  MarqueeLabel: 65ca60ee9ba554be34f35339004c6c9fe6366a31
  Masonry: 678fab65091a9290e40e2832a55e7ab731aad201
  MBProgressHUD: 4890f671c94e8a0f3cf959aa731e9de2f036d71a
  MJExtension: 19bc33ce2eee2d319760f5622562cf581a6ff756
  MJRefresh: 7798e16e53a5ef7f332dd05b27664db4e29530fd
  Qiniu: 909b408ee489ea54827e9717be90b94bc9dfbc48
  RKNotificationHub: e926748820d719f21ff374657a47fceefa1796b4
  SAMKeychain: 483e1c9f32984d50ca961e26818a534283b4cd5c
  SDCycleScrollView: 884b88f0266dd4708a0e1934975c69cb971707b1
  SDWebImage: cb6f9f266a9977741efcbc21e618e8be3734c774
  SVProgressHUD: b0830714205bea1317ea1a2ebc71e5633af334d4
  TZImagePickerController: 7850b158d025065b162a1a963d445040b828abc9
  UMCAnalytics: ff58714ada407682c4a07548156f94bcec92f055
  UMCCommon: 0263a057a2e1ae1da4c8308541e56904a493ce13
  UMCErrorCatch: 51f1b68f920233e90a3fa6d51f0456174507ec78
  UMCPush: 1edd856027dcf905333effb4040ace5d236a7316
  UMCSecurityPlugins: 0831a08f3988f3cea9f1d3a7626cd9bee4fef150
  WYChart: 7523ef7395b4f4c8c88415bf0dd4f8d27a7757ce

PODFILE CHECKSUM: cf18e9b9a20c940482346b813d1b63d46db65f14

COCOAPODS: 1.5.3
